
Microsoft Visual Studio Solution File, Format Version 12.00
# Visual Studio Version 16
VisualStudioVersion = 16.0.31025.194
MinimumVisualStudioVersion = 10.0.40219.1
Project("{FAE04EC0-301F-11D3-BF4B-00C04F79EFBC}") = "TPGM", "TPGM.csproj", "{8A36A5D4-769C-464E-B5AE-0774E40693CF}"
EndProject
Global
	GlobalSection(SolutionConfigurationPlatforms) = preSolution
		Debug|Any CPU = Debug|Any CPU
		Release|Any CPU = Release|Any CPU
	EndGlobalSection
	GlobalSection(ProjectConfigurationPlatforms) = postSolution
		{8A36A5D4-769C-464E-B5AE-0774E40693CF}.Debug|Any CPU.ActiveCfg = Debug|Any CPU
		{8A36A5D4-769C-464E-B5AE-0774E40693CF}.Debug|Any CPU.Build.0 = Debug|Any CPU
		{8A36A5D4-769C-464E-B5AE-0774E40693CF}.Release|Any CPU.ActiveCfg = Release|Any CPU
		{8A36A5D4-769C-464E-B5AE-0774E40693CF}.Release|Any CPU.Build.0 = Release|Any CPU
	EndGlobalSection
	GlobalSection(SolutionProperties) = preSolution
		HideSolutionNode = FALSE
	EndGlobalSection
	GlobalSection(ExtensibilityGlobals) = postSolution
		SolutionGuid = {AADA4489-5CC7-4B89-8FE1-96087A682A78}
	EndGlobalSection
EndGlobal
